// !$*UTF8*$!
{
	archiveVersion = 1;
	classes = {
	};
	objectVersion = 50;
	objects = {

/* Begin PBXBuildFile section */
		B223BA77260CD7DE0071AEB9 /* AppDelegate.swift in Sources */ = {isa = PBXBuildFile; fileRef = B223BA76260CD7DE0071AEB9 /* AppDelegate.swift */; };
		B223BA79260CD7DE0071AEB9 /* SceneDelegate.swift in Sources */ = {isa = PBXBuildFile; fileRef = B223BA78260CD7DE0071AEB9 /* SceneDelegate.swift */; };
		B223BA7E260CD7DE0071AEB9 /* Main.storyboard in Resources */ = {isa = PBXBuildFile; fileRef = B223BA7C260CD7DE0071AEB9 /* Main.storyboard */; };
		B223BA80260CD7E10071AEB9 /* Assets.xcassets in Resources */ = {isa = PBXBuildFile; fileRef = B223BA7F260CD7E10071AEB9 /* Assets.xcassets */; };
		B223BA83260CD7E10071AEB9 /* LaunchScreen.storyboard in Resources */ = {isa = PBXBuildFile; fileRef = B223BA81260CD7E10071AEB9 /* LaunchScreen.storyboard */; };
		B223BA8E260CD7E10071AEB9 /* KriptofoniTests.swift in Sources */ = {isa = PBXBuildFile; fileRef = B223BA8D260CD7E10071AEB9 /* KriptofoniTests.swift */; };
		B223BA99260CD7E10071AEB9 /* KriptofoniUITests.swift in Sources */ = {isa = PBXBuildFile; fileRef = B223BA98260CD7E10071AEB9 /* KriptofoniUITests.swift */; };
		B223BAAA260CD82F0071AEB9 /* MainController.swift in Sources */ = {isa = PBXBuildFile; fileRef = B223BAA9260CD82F0071AEB9 /* MainController.swift */; };
		B223BAB2260CEA980071AEB9 /* HomeCollectionViewCell.swift in Sources */ = {isa = PBXBuildFile; fileRef = B223BAB1260CEA980071AEB9 /* HomeCollectionViewCell.swift */; };
/* End PBXBuildFile section */

/* Begin PBXContainerItemProxy section */
		B223BA8A260CD7E10071AEB9 /* PBXContainerItemProxy */ = {
			isa = PBXContainerItemProxy;
			containerPortal = B223BA6B260CD7DE0071AEB9 /* Project object */;
			proxyType = 1;
			remoteGlobalIDString = B223BA72260CD7DE0071AEB9;
			remoteInfo = Kriptofoni;
		};
		B223BA95260CD7E10071AEB9 /* PBXContainerItemProxy */ = {
			isa = PBXContainerItemProxy;
			containerPortal = B223BA6B260CD7DE0071AEB9 /* Project object */;
			proxyType = 1;
			remoteGlobalIDString = B223BA72260CD7DE0071AEB9;
			remoteInfo = Kriptofoni;
		};
/* End PBXContainerItemProxy section */

/* Begin PBXFileReference section */
		B223BA73260CD7DE0071AEB9 /* Kriptofoni.app */ = {isa = PBXFileReference; explicitFileType = wrapper.application; includeInIndex = 0; path = Kriptofoni.app; sourceTree = BUILT_PRODUCTS_DIR; };
		B223BA76260CD7DE0071AEB9 /* AppDelegate.swift */ = {isa = PBXFileReference; lastKnownFileType = sourcecode.swift; path = AppDelegate.swift; sourceTree = "<group>"; };
		B223BA78260CD7DE0071AEB9 /* SceneDelegate.swift */ = {isa = PBXFileReference; lastKnownFileType = sourcecode.swift; path = SceneDelegate.swift; sourceTree = "<group>"; };
		B223BA7D260CD7DE0071AEB9 /* Base */ = {isa = PBXFileReference; lastKnownFileType = file.storyboard; name = Base; path = Base.lproj/Main.storyboard; sourceTree = "<group>"; };
		B223BA7F260CD7E10071AEB9 /* Assets.xcassets */ = {isa = PBXFileReference; lastKnownFileType = folder.assetcatalog; path = Assets.xcassets; sourceTree = "<group>"; };
		B223BA82260CD7E10071AEB9 /* Base */ = {isa = PBXFileReference; lastKnownFileType = file.storyboard; name = Base; path = Base.lproj/LaunchScreen.storyboard; sourceTree = "<group>"; };
		B223BA84260CD7E10071AEB9 /* Info.plist */ = {isa = PBXFileReference; lastKnownFileType = text.plist.xml; path = Info.plist; sourceTree = "<group>"; };
		B223BA89260CD7E10071AEB9 /* KriptofoniTests.xctest */ = {isa = PBXFileReference; explicitFileType = wrapper.cfbundle; includeInIndex = 0; path = KriptofoniTests.xctest; sourceTree = BUILT_PRODUCTS_DIR; };
		B223BA8D260CD7E10071AEB9 /* KriptofoniTests.swift */ = {isa = PBXFileReference; lastKnownFileType = sourcecode.swift; path = KriptofoniTests.swift; sourceTree = "<group>"; };
		B223BA8F260CD7E10071AEB9 /* Info.plist */ = {isa = PBXFileReference; lastKnownFileType = text.plist.xml; path = Info.plist; sourceTree = "<group>"; };
		B223BA94260CD7E10071AEB9 /* KriptofoniUITests.xctest */ = {isa = PBXFileReference; explicitFileType = wrapper.cfbundle; includeInIndex = 0; path = KriptofoniUITests.xctest; sourceTree = BUILT_PRODUCTS_DIR; };
		B223BA98260CD7E10071AEB9 /* KriptofoniUITests.swift */ = {isa = PBXFileReference; lastKnownFileType = sourcecode.swift; path = KriptofoniUITests.swift; sourceTree = "<group>"; };
		B223BA9A260CD7E10071AEB9 /* Info.plist */ = {isa = PBXFileReference; lastKnownFileType = text.plist.xml; path = Info.plist; sourceTree = "<group>"; };
		B223BAA9260CD82F0071AEB9 /* MainController.swift */ = {isa = PBXFileReference; lastKnownFileType = sourcecode.swift; path = MainController.swift; sourceTree = "<group>"; };
		B223BAB1260CEA980071AEB9 /* HomeCollectionViewCell.swift */ = {isa = PBXFileReference; lastKnownFileType = sourcecode.swift; path = HomeCollectionViewCell.swift; sourceTree = "<group>"; };
/* End PBXFileReference section */

/* Begin PBXFrameworksBuildPhase section */
		B223BA70260CD7DE0071AEB9 /* Frameworks */ = {
			isa = PBXFrameworksBuildPhase;
			buildActionMask = 2147483647;
			files = (
			);
			runOnlyForDeploymentPostprocessing = 0;
		};
		B223BA86260CD7E10071AEB9 /* Frameworks */ = {
			isa = PBXFrameworksBuildPhase;
			buildActionMask = 2147483647;
			files = (
			);
			runOnlyForDeploymentPostprocessing = 0;
		};
		B223BA91260CD7E10071AEB9 /* Frameworks */ = {
			isa = PBXFrameworksBuildPhase;
			buildActionMask = 2147483647;
			files = (
			);
			runOnlyForDeploymentPostprocessing = 0;
		};
/* End PBXFrameworksBuildPhase section */

/* Begin PBXGroup section */
		B223BA6A260CD7DE0071AEB9 = {
			isa = PBXGroup;
			children = (
				B223BA75260CD7DE0071AEB9 /* Kriptofoni */,
				B223BA8C260CD7E10071AEB9 /* KriptofoniTests */,
				B223BA97260CD7E10071AEB9 /* KriptofoniUITests */,
				B223BA74260CD7DE0071AEB9 /* Products */,
			);
			sourceTree = "<group>";
		};
		B223BA74260CD7DE0071AEB9 /* Products */ = {
			isa = PBXGroup;
			children = (
				B223BA73260CD7DE0071AEB9 /* Kriptofoni.app */,
				B223BA89260CD7E10071AEB9 /* KriptofoniTests.xctest */,
				B223BA94260CD7E10071AEB9 /* KriptofoniUITests.xctest */,
			);
			name = Products;
			sourceTree = "<group>";
		};
		B223BA75260CD7DE0071AEB9 /* Kriptofoni */ = {
			isa = PBXGroup;
			children = (
				B223BAB6260CEBF30071AEB9 /* MAIN PAGE */,
				B223BA76260CD7DE0071AEB9 /* AppDelegate.swift */,
				B223BA78260CD7DE0071AEB9 /* SceneDelegate.swift */,
				B223BA7C260CD7DE0071AEB9 /* Main.storyboard */,
				B223BA7F260CD7E10071AEB9 /* Assets.xcassets */,
				B223BA81260CD7E10071AEB9 /* LaunchScreen.storyboard */,
				B223BA84260CD7E10071AEB9 /* Info.plist */,
			);
			path = Kriptofoni;
			sourceTree = "<group>";
		};
		B223BA8C260CD7E10071AEB9 /* KriptofoniTests */ = {
			isa = PBXGroup;
			children = (
				B223BA8D260CD7E10071AEB9 /* KriptofoniTests.swift */,
				B223BA8F260CD7E10071AEB9 /* Info.plist */,
			);
			path = KriptofoniTests;
			sourceTree = "<group>";
		};
		B223BA97260CD7E10071AEB9 /* KriptofoniUITests */ = {
			isa = PBXGroup;
			children = (
				B223BA98260CD7E10071AEB9 /* KriptofoniUITests.swift */,
				B223BA9A260CD7E10071AEB9 /* Info.plist */,
			);
			path = KriptofoniUITests;
			sourceTree = "<group>";
		};
		B223BAB6260CEBF30071AEB9 /* MAIN PAGE */ = {
			isa = PBXGroup;
			children = (
				B223BAA9260CD82F0071AEB9 /* MainController.swift */,
				B223BAB1260CEA980071AEB9 /* HomeCollectionViewCell.swift */,
			);
			path = "MAIN PAGE";
			sourceTree = "<group>";
		};
/* End PBXGroup section */

/* Begin PBXNativeTarget section */
		B223BA72260CD7DE0071AEB9 /* Kriptofoni */ = {
			isa = PBXNativeTarget;
			buildConfigurationList = B223BA9D260CD7E10071AEB9 /* Build configuration list for PBXNativeTarget "Kriptofoni" */;
			buildPhases = (
				B223BA6F260CD7DE0071AEB9 /* Sources */,
				B223BA70260CD7DE0071AEB9 /* Frameworks */,
				B223BA71260CD7DE0071AEB9 /* Resources */,
			);
			buildRules = (
			);
			dependencies = (
			);
			name = Kriptofoni;
			productName = Kriptofoni;
			productReference = B223BA73260CD7DE0071AEB9 /* Kriptofoni.app */;
			productType = "com.apple.product-type.application";
		};
		B223BA88260CD7E10071AEB9 /* KriptofoniTests */ = {
			isa = PBXNativeTarget;
			buildConfigurationList = B223BAA0260CD7E10071AEB9 /* Build configuration list for PBXNativeTarget "KriptofoniTests" */;
			buildPhases = (
				B223BA85260CD7E10071AEB9 /* Sources */,
				B223BA86260CD7E10071AEB9 /* Frameworks */,
				B223BA87260CD7E10071AEB9 /* Resources */,
			);
			buildRules = (
			);
			dependencies = (
				B223BA8B260CD7E10071AEB9 /* PBXTargetDependency */,
			);
			name = KriptofoniTests;
			productName = KriptofoniTests;
			productReference = B223BA89260CD7E10071AEB9 /* KriptofoniTests.xctest */;
			productType = "com.apple.product-type.bundle.unit-test";
		};
		B223BA93260CD7E10071AEB9 /* KriptofoniUITests */ = {
			isa = PBXNativeTarget;
			buildConfigurationList = B223BAA3260CD7E10071AEB9 /* Build configuration list for PBXNativeTarget "KriptofoniUITests" */;
			buildPhases = (
				B223BA90260CD7E10071AEB9 /* Sources */,
				B223BA91260CD7E10071AEB9 /* Frameworks */,
				B223BA92260CD7E10071AEB9 /* Resources */,
			);
			buildRules = (
			);
			dependencies = (
				B223BA96260CD7E10071AEB9 /* PBXTargetDependency */,
			);
			name = KriptofoniUITests;
			productName = KriptofoniUITests;
			productReference = B223BA94260CD7E10071AEB9 /* KriptofoniUITests.xctest */;
			productType = "com.apple.product-type.bundle.ui-testing";
		};
/* End PBXNativeTarget section */

/* Begin PBXProject section */
		B223BA6B260CD7DE0071AEB9 /* Project object */ = {
			isa = PBXProject;
			attributes = {
				LastSwiftUpdateCheck = 1240;
				LastUpgradeCheck = 1240;
				TargetAttributes = {
					B223BA72260CD7DE0071AEB9 = {
						CreatedOnToolsVersion = 12.4;
					};
					B223BA88260CD7E10071AEB9 = {
						CreatedOnToolsVersion = 12.4;
						TestTargetID = B223BA72260CD7DE0071AEB9;
					};
					B223BA93260CD7E10071AEB9 = {
						CreatedOnToolsVersion = 12.4;
						TestTargetID = B223BA72260CD7DE0071AEB9;
					};
				};
			};
			buildConfigurationList = B223BA6E260CD7DE0071AEB9 /* Build configuration list for PBXProject "Kriptofoni" */;
			compatibilityVersion = "Xcode 9.3";
			developmentRegion = en;
			hasScannedForEncodings = 0;
			knownRegions = (
				en,
				Base,
			);
			mainGroup = B223BA6A260CD7DE0071AEB9;
			productRefGroup = B223BA74260CD7DE0071AEB9 /* Products */;
			projectDirPath = "";
			projectRoot = "";
			targets = (
				B223BA72260CD7DE0071AEB9 /* Kriptofoni */,
				B223BA88260CD7E10071AEB9 /* KriptofoniTests */,
				B223BA93260CD7E10071AEB9 /* KriptofoniUITests */,
			);
		};
/* End PBXProject section */

/* Begin PBXResourcesBuildPhase section */
		B223BA71260CD7DE0071AEB9 /* Resources */ = {
			isa = PBXResourcesBuildPhase;
			buildActionMask = 2147483647;
			files = (
				B223BA83260CD7E10071AEB9 /* LaunchScreen.storyboard in Resources */,
				B223BA80260CD7E10071AEB9 /* Assets.xcassets in Resources */,
				B223BA7E260CD7DE0071AEB9 /* Main.storyboard in Resources */,
			);
			runOnlyForDeploymentPostprocessing = 0;
		};
		B223BA87260CD7E10071AEB9 /* Resources */ = {
			isa = PBXResourcesBuildPhase;
			buildActionMask = 2147483647;
			files = (
			);
			runOnlyForDeploymentPostprocessing = 0;
		};
		B223BA92260CD7E10071AEB9 /* Resources */ = {
			isa = PBXResourcesBuildPhase;
			buildActionMask = 2147483647;
			files = (
			);
			runOnlyForDeploymentPostprocessing = 0;
		};
/* End PBXResourcesBuildPhase section */

/* Begin PBXSourcesBuildPhase section */
		B223BA6F260CD7DE0071AEB9 /* Sources */ = {
			isa = PBXSourcesBuildPhase;
			buildActionMask = 2147483647;
			files = (
				B223BAAA260CD82F0071AEB9 /* MainController.swift in Sources */,
				B223BA77260CD7DE0071AEB9 /* AppDelegate.swift in Sources */,
				B223BA79260CD7DE0071AEB9 /* SceneDelegate.swift in Sources */,
				B223BAB2260CEA980071AEB9 /* HomeCollectionViewCell.swift in Sources */,
			);
			runOnlyForDeploymentPostprocessing = 0;
		};
		B223BA85260CD7E10071AEB9 /* Sources */ = {
			isa = PBXSourcesBuildPhase;
			buildActionMask = 2147483647;
			files = (
				B223BA8E260CD7E10071AEB9 /* KriptofoniTests.swift in Sources */,
			);
			runOnlyForDeploymentPostprocessing = 0;
		};
		B223BA90260CD7E10071AEB9 /* Sources */ = {
			isa = PBXSourcesBuildPhase;
			buildActionMask = 2147483647;
			files = (
				B223BA99260CD7E10071AEB9 /* KriptofoniUITests.swift in Sources */,
			);
			runOnlyForDeploymentPostprocessing = 0;
		};
/* End PBXSourcesBuildPhase section */

/* Begin PBXTargetDependency section */
		B223BA8B260CD7E10071AEB9 /* PBXTargetDependency */ = {
			isa = PBXTargetDependency;
			target = B223BA72260CD7DE0071AEB9 /* Kriptofoni */;
			targetProxy = B223BA8A260CD7E10071AEB9 /* PBXContainerItemProxy */;
		};
		B223BA96260CD7E10071AEB9 /* PBXTargetDependency */ = {
			isa = PBXTargetDependency;
			target = B223BA72260CD7DE0071AEB9 /* Kriptofoni */;
			targetProxy = B223BA95260CD7E10071AEB9 /* PBXContainerItemProxy */;
		};
/* End PBXTargetDependency section */

/* Begin PBXVariantGroup section */
		B223BA7C260CD7DE0071AEB9 /* Main.storyboard */ = {
			isa = PBXVariantGroup;
			children = (
				B223BA7D260CD7DE0071AEB9 /* Base */,
			);
			name = Main.storyboard;
			sourceTree = "<group>";
		};
		B223BA81260CD7E10071AEB9 /* LaunchScreen.storyboard */ = {
			isa = PBXVariantGroup;
			children = (
				B223BA82260CD7E10071AEB9 /* Base */,
			);
			name = LaunchScreen.storyboard;
			sourceTree = "<group>";
		};
/* End PBXVariantGroup section */

/* Begin XCBuildConfiguration section */
		B223BA9B260CD7E10071AEB9 /* Debug */ = {
			isa = XCBuildConfiguration;
			buildSettings = {
				ALWAYS_SEARCH_USER_PATHS = NO;
				CLANG_ANALYZER_NONNULL = YES;
				CLANG_ANALYZER_NUMBER_OBJECT_CONVERSION = YES_AGGRESSIVE;
				CLANG_CXX_LANGUAGE_STANDARD = "gnu++14";
				CLANG_CXX_LIBRARY = "libc++";
				CLANG_ENABLE_MODULES = YES;
				CLANG_ENABLE_OBJC_ARC = YES;
				CLANG_ENABLE_OBJC_WEAK = YES;
				CLANG_WARN_BLOCK_CAPTURE_AUTORELEASING = YES;
				CLANG_WARN_BOOL_CONVERSION = YES;
				CLANG_WARN_COMMA = YES;
				CLANG_WARN_CONSTANT_CONVERSION = YES;
				CLANG_WARN_DEPRECATED_OBJC_IMPLEMENTATIONS = YES;
				CLANG_WARN_DIRECT_OBJC_ISA_USAGE = YES_ERROR;
				CLANG_WARN_DOCUMENTATION_COMMENTS = YES;
				CLANG_WARN_EMPTY_BODY = YES;
				CLANG_WARN_ENUM_CONVERSION = YES;
				CLANG_WARN_INFINITE_RECURSION = YES;
				CLANG_WARN_INT_CONVERSION = YES;
				CLANG_WARN_NON_LITERAL_NULL_CONVERSION = YES;
				CLANG_WARN_OBJC_IMPLICIT_RETAIN_SELF = YES;
				CLANG_WARN_OBJC_LITERAL_CONVERSION = YES;
				CLANG_WARN_OBJC_ROOT_CLASS = YES_ERROR;
				CLANG_WARN_QUOTED_INCLUDE_IN_FRAMEWORK_HEADER = YES;
				CLANG_WARN_RANGE_LOOP_ANALYSIS = YES;
				CLANG_WARN_STRICT_PROTOTYPES = YES;
				CLANG_WARN_SUSPICIOUS_MOVE = YES;
				CLANG_WARN_UNGUARDED_AVAILABILITY = YES_AGGRESSIVE;
				CLANG_WARN_UNREACHABLE_CODE = YES;
				CLANG_WARN__DUPLICATE_METHOD_MATCH = YES;
				COPY_PHASE_STRIP = NO;
				DEBUG_INFORMATION_FORMAT = dwarf;
				ENABLE_STRICT_OBJC_MSGSEND = YES;
				ENABLE_TESTABILITY = YES;
				GCC_C_LANGUAGE_STANDARD = gnu11;
				GCC_DYNAMIC_NO_PIC = NO;
				GCC_NO_COMMON_BLOCKS = YES;
				GCC_OPTIMIZATION_LEVEL = 0;
				GCC_PREPROCESSOR_DEFINITIONS = (
					"DEBUG=1",
					"$(inherited)",
				);
				GCC_WARN_64_TO_32_BIT_CONVERSION = YES;
				GCC_WARN_ABOUT_RETURN_TYPE = YES_ERROR;
				GCC_WARN_UNDECLARED_SELECTOR = YES;
				GCC_WARN_UNINITIALIZED_AUTOS = YES_AGGRESSIVE;
				GCC_WARN_UNUSED_FUNCTION = YES;
				GCC_WARN_UNUSED_VARIABLE = YES;
				IPHONEOS_DEPLOYMENT_TARGET = 14.4;
				MTL_ENABLE_DEBUG_INFO = INCLUDE_SOURCE;
				MTL_FAST_MATH = YES;
				ONLY_ACTIVE_ARCH = YES;
				SDKROOT = iphoneos;
				SWIFT_ACTIVE_COMPILATION_CONDITIONS = DEBUG;
				SWIFT_OPTIMIZATION_LEVEL = "-Onone";
			};
			name = Debug;
		};
		B223BA9C260CD7E10071AEB9 /* Release */ = {
			isa = XCBuildConfiguration;
			buildSettings = {
				ALWAYS_SEARCH_USER_PATHS = NO;
				CLANG_ANALYZER_NONNULL = YES;
				CLANG_ANALYZER_NUMBER_OBJECT_CONVERSION = YES_AGGRESSIVE;
				CLANG_CXX_LANGUAGE_STANDARD = "gnu++14";
				CLANG_CXX_LIBRARY = "libc++";
				CLANG_ENABLE_MODULES = YES;
				CLANG_ENABLE_OBJC_ARC = YES;
				CLANG_ENABLE_OBJC_WEAK = YES;
				CLANG_WARN_BLOCK_CAPTURE_AUTORELEASING = YES;
				CLANG_WARN_BOOL_CONVERSION = YES;
				CLANG_WARN_COMMA = YES;
				CLANG_WARN_CONSTANT_CONVERSION = YES;
				CLANG_WARN_DEPRECATED_OBJC_IMPLEMENTATIONS = YES;
				CLANG_WARN_DIRECT_OBJC_ISA_USAGE = YES_ERROR;
				CLANG_WARN_DOCUMENTATION_COMMENTS = YES;
				CLANG_WARN_EMPTY_BODY = YES;
				CLANG_WARN_ENUM_CONVERSION = YES;
				CLANG_WARN_INFINITE_RECURSION = YES;
				CLANG_WARN_INT_CONVERSION = YES;
				CLANG_WARN_NON_LITERAL_NULL_CONVERSION = YES;
				CLANG_WARN_OBJC_IMPLICIT_RETAIN_SELF = YES;
				CLANG_WARN_OBJC_LITERAL_CONVERSION = YES;
				CLANG_WARN_OBJC_ROOT_CLASS = YES_ERROR;
				CLANG_WARN_QUOTED_INCLUDE_IN_FRAMEWORK_HEADER = YES;
				CLANG_WARN_RANGE_LOOP_ANALYSIS = YES;
				CLANG_WARN_STRICT_PROTOTYPES = YES;
				CLANG_WARN_SUSPICIOUS_MOVE = YES;
				CLANG_WARN_UNGUARDED_AVAILABILITY = YES_AGGRESSIVE;
				CLANG_WARN_UNREACHABLE_CODE = YES;
				CLANG_WARN__DUPLICATE_METHOD_MATCH = YES;
				COPY_PHASE_STRIP = NO;
				DEBUG_INFORMATION_FORMAT = "dwarf-with-dsym";
				ENABLE_NS_ASSERTIONS = NO;
				ENABLE_STRICT_OBJC_MSGSEND = YES;
				GCC_C_LANGUAGE_STANDARD = gnu11;
				GCC_NO_COMMON_BLOCKS = YES;
				GCC_WARN_64_TO_32_BIT_CONVERSION = YES;
				GCC_WARN_ABOUT_RETURN_TYPE = YES_ERROR;
				GCC_WARN_UNDECLARED_SELECTOR = YES;
				GCC_WARN_UNINITIALIZED_AUTOS = YES_AGGRESSIVE;
				GCC_WARN_UNUSED_FUNCTION = YES;
				GCC_WARN_UNUSED_VARIABLE = YES;
				IPHONEOS_DEPLOYMENT_TARGET = 14.4;
				MTL_ENABLE_DEBUG_INFO = NO;
				MTL_FAST_MATH = YES;
				SDKROOT = iphoneos;
				SWIFT_COMPILATION_MODE = wholemodule;
				SWIFT_OPTIMIZATION_LEVEL = "-O";
				VALIDATE_PRODUCT = YES;
			};
			name = Release;
		};
		B223BA9E260CD7E10071AEB9 /* Debug */ = {
			isa = XCBuildConfiguration;
			buildSettings = {
				ASSETCATALOG_COMPILER_APPICON_NAME = AppIcon;
				ASSETCATALOG_COMPILER_GLOBAL_ACCENT_COLOR_NAME = AccentColor;
				CODE_SIGN_STYLE = Automatic;
				DEVELOPMENT_TEAM = QNUQ32JH3W;
				INFOPLIST_FILE = Kriptofoni/Info.plist;
				LD_RUNPATH_SEARCH_PATHS = (
					"$(inherited)",
					"@executable_path/Frameworks",
				);
				PRODUCT_BUNDLE_IDENTIFIER = com.archmobile.kriptofoni.Kriptofoni;
				PRODUCT_NAME = "$(TARGET_NAME)";
				SWIFT_VERSION = 5.0;
				TARGETED_DEVICE_FAMILY = "1,2";
			};
			name = Debug;
		};
		B223BA9F260CD7E10071AEB9 /* Release */ = {
			isa = XCBuildConfiguration;
			buildSettings = {
				ASSETCATALOG_COMPILER_APPICON_NAME = AppIcon;
				ASSETCATALOG_COMPILER_GLOBAL_ACCENT_COLOR_NAME = AccentColor;
				CODE_SIGN_STYLE = Automatic;
				DEVELOPMENT_TEAM = QNUQ32JH3W;
				INFOPLIST_FILE = Kriptofoni/Info.plist;
				LD_RUNPATH_SEARCH_PATHS = (
					"$(inherited)",
					"@executable_path/Frameworks",
				);
				PRODUCT_BUNDLE_IDENTIFIER = com.archmobile.kriptofoni.Kriptofoni;
				PRODUCT_NAME = "$(TARGET_NAME)";
				SWIFT_VERSION = 5.0;
				TARGETED_DEVICE_FAMILY = "1,2";
			};
			name = Release;
		};
		B223BAA1260CD7E10071AEB9 /* Debug */ = {
			isa = XCBuildConfiguration;
			buildSettings = {
				ALWAYS_EMBED_SWIFT_STANDARD_LIBRARIES = YES;
				BUNDLE_LOADER = "$(TEST_HOST)";
				CODE_SIGN_STYLE = Automatic;
				DEVELOPMENT_TEAM = QNUQ32JH3W;
				INFOPLIST_FILE = KriptofoniTests/Info.plist;
				IPHONEOS_DEPLOYMENT_TARGET = 14.4;
				LD_RUNPATH_SEARCH_PATHS = (
					"$(inherited)",
					"@executable_path/Frameworks",
					"@loader_path/Frameworks",
				);
				PRODUCT_BUNDLE_IDENTIFIER = com.archmobile.kriptofoni.KriptofoniTests;
				PRODUCT_NAME = "$(TARGET_NAME)";
				SWIFT_VERSION = 5.0;
				TARGETED_DEVICE_FAMILY = "1,2";
				TEST_HOST = "$(BUILT_PRODUCTS_DIR)/Kriptofoni.app/Kriptofoni";
			};
			name = Debug;
		};
		B223BAA2260CD7E10071AEB9 /* Release */ = {
			isa = XCBuildConfiguration;
			buildSettings = {
				ALWAYS_EMBED_SWIFT_STANDARD_LIBRARIES = YES;
				BUNDLE_LOADER = "$(TEST_HOST)";
				CODE_SIGN_STYLE = Automatic;
				DEVELOPMENT_TEAM = QNUQ32JH3W;
				INFOPLIST_FILE = KriptofoniTests/Info.plist;
				IPHONEOS_DEPLOYMENT_TARGET = 14.4;
				LD_RUNPATH_SEARCH_PATHS = (
					"$(inherited)",
					"@executable_path/Frameworks",
					"@loader_path/Frameworks",
				);
				PRODUCT_BUNDLE_IDENTIFIER = com.archmobile.kriptofoni.KriptofoniTests;
				PRODUCT_NAME = "$(TARGET_NAME)";
				SWIFT_VERSION = 5.0;
				TARGETED_DEVICE_FAMILY = "1,2";
				TEST_HOST = "$(BUILT_PRODUCTS_DIR)/Kriptofoni.app/Kriptofoni";
			};
			name = Release;
		};
		B223BAA4260CD7E10071AEB9 /* Debug */ = {
			isa = XCBuildConfiguration;
			buildSettings = {
				ALWAYS_EMBED_SWIFT_STANDARD_LIBRARIES = YES;
				CODE_SIGN_STYLE = Automatic;
				DEVELOPMENT_TEAM = QNUQ32JH3W;
				INFOPLIST_FILE = KriptofoniUITests/Info.plist;
				LD_RUNPATH_SEARCH_PATHS = (
					"$(inherited)",
					"@executable_path/Frameworks",
					"@loader_path/Frameworks",
				);
				PRODUCT_BUNDLE_IDENTIFIER = com.archmobile.kriptofoni.KriptofoniUITests;
				PRODUCT_NAME = "$(TARGET_NAME)";
				SWIFT_VERSION = 5.0;
				TARGETED_DEVICE_FAMILY = "1,2";
				TEST_TARGET_NAME = Kriptofoni;
			};
			name = Debug;
		};
		B223BAA5260CD7E10071AEB9 /* Release */ = {
			isa = XCBuildConfiguration;
			buildSettings = {
				ALWAYS_EMBED_SWIFT_STANDARD_LIBRARIES = YES;
				CODE_SIGN_STYLE = Automatic;
				DEVELOPMENT_TEAM = QNUQ32JH3W;
				INFOPLIST_FILE = KriptofoniUITests/Info.plist;
				LD_RUNPATH_SEARCH_PATHS = (
					"$(inherited)",
					"@executable_path/Frameworks",
					"@loader_path/Frameworks",
				);
				PRODUCT_BUNDLE_IDENTIFIER = com.archmobile.kriptofoni.KriptofoniUITests;
				PRODUCT_NAME = "$(TARGET_NAME)";
				SWIFT_VERSION = 5.0;
				TARGETED_DEVICE_FAMILY = "1,2";
				TEST_TARGET_NAME = Kriptofoni;
			};
			name = Release;
		};
/* End XCBuildConfiguration section */

/* Begin XCConfigurationList section */
		B223BA6E260CD7DE0071AEB9 /* Build configuration list for PBXProject "Kriptofoni" */ = {
			isa = XCConfigurationList;
			buildConfigurations = (
				B223BA9B260CD7E10071AEB9 /* Debug */,
				B223BA9C260CD7E10071AEB9 /* Release */,
			);
			defaultConfigurationIsVisible = 0;
			defaultConfigurationName = Release;
		};
		B223BA9D260CD7E10071AEB9 /* Build configuration list for PBXNativeTarget "Kriptofoni" */ = {
			isa = XCConfigurationList;
			buildConfigurations = (
				B223BA9E260CD7E10071AEB9 /* Debug */,
				B223BA9F260CD7E10071AEB9 /* Release */,
			);
			defaultConfigurationIsVisible = 0;
			defaultConfigurationName = Release;
		};
		B223BAA0260CD7E10071AEB9 /* Build configuration list for PBXNativeTarget "KriptofoniTests" */ = {
			isa = XCConfigurationList;
			buildConfigurations = (
				B223BAA1260CD7E10071AEB9 /* Debug */,
				B223BAA2260CD7E10071AEB9 /* Release */,
			);
			defaultConfigurationIsVisible = 0;
			defaultConfigurationName = Release;
		};
		B223BAA3260CD7E10071AEB9 /* Build configuration list for PBXNativeTarget "KriptofoniUITests" */ = {
			isa = XCConfigurationList;
			buildConfigurations = (
				B223BAA4260CD7E10071AEB9 /* Debug */,
				B223BAA5260CD7E10071AEB9 /* Release */,
			);
			defaultConfigurationIsVisible = 0;
			defaultConfigurationName = Release;
		};
/* End XCConfigurationList section */
	};
	rootObject = B223BA6B260CD7DE0071AEB9 /* Project object */;
}
